
Microsoft Visual Studio Solution File, Format Version 12.00
# Visual Studio Version 16
VisualStudioVersion = 16.0.30804.86
MinimumVisualStudioVersion = 10.0.40219.1
Project("{FAE04EC0-301F-11D3-BF4B-00C04F79EFBC}") = "ContactsApp", "ContactsApp\ContactsApp.csproj", "{2B79B2E2-13AF-4512-98A4-824087B89F39}"
EndProject
Global
	GlobalSection(SolutionConfigurationPlatforms) = preSolution
		Debug|Any CPU = Debug|Any CPU
		Release|Any CPU = Release|Any CPU
	EndGlobalSection
	GlobalSection(ProjectConfigurationPlatforms) = postSolution
		{2B79B2E2-13AF-4512-98A4-824087B89F39}.Debug|Any CPU.ActiveCfg = Debug|Any CPU
		{2B79B2E2-13AF-4512-98A4-824087B89F39}.Debug|Any CPU.Build.0 = Debug|Any CPU
		{2B79B2E2-13AF-4512-98A4-824087B89F39}.Release|Any CPU.ActiveCfg = Release|Any CPU
		{2B79B2E2-13AF-4512-98A4-824087B89F39}.Release|Any CPU.Build.0 = Release|Any CPU
	EndGlobalSection
	GlobalSection(SolutionProperties) = preSolution
		HideSolutionNode = FALSE
	EndGlobalSection
	GlobalSection(ExtensibilityGlobals) = postSolution
		SolutionGuid = {E08C8738-A217-415F-9D1A-8987164CD8B8}
	EndGlobalSection
EndGlobal
